
Microsoft Visual Studio Solution File, Format Version 12.00
# Visual Studio Version 17
VisualStudioVersion = 17.6.33801.468
MinimumVisualStudioVersion = 10.0.40219.1
Project("{9A19103F-16F7-4668-BE54-9A1E7A4F7556}") = "ToDoList", "ToDoList\ToDoList.csproj", "{A851D110-3FB0-46BA-9375-6EBB012E01C9}"
EndProject
Project("{9A19103F-16F7-4668-BE54-9A1E7A4F7556}") = "SimpleCalculator", "SimpleCalculator\SimpleCalculator.csproj", "{959F578B-1835-4461-AB84-37D3EC65578A}"
EndProject
Project("{9A19103F-16F7-4668-BE54-9A1E7A4F7556}") = "OtherTests", "OtherTests\OtherTests.csproj", "{FFC9D4C4-D662-4BCA-B3B4-38C8DA8C4C0E}"
EndProject
Project("{9A19103F-16F7-4668-BE54-9A1E7A4F7556}") = "DiceRollGame", "DiceRollGame\DiceRollGame.csproj", "{E32C4201-5964-4568-B266-54E7B22580AF}"
EndProject
Project("{9A19103F-16F7-4668-BE54-9A1E7A4F7556}") = "CookieCookbook", "CookieCookbook\CookieCookbook.csproj", "{E1254D7E-BE15-479A-8AE6-93FFA9ACFAF6}"
EndProject
Project("{9A19103F-16F7-4668-BE54-9A1E7A4F7556}") = "CookieCookbookModelAnswer", "CookieCookbookModelAnswer\CookieCookbookModelAnswer.csproj", "{A557969F-0B97-422C-B438-1A50955CE7F0}"
EndProject
Project("{9A19103F-16F7-4668-BE54-9A1E7A4F7556}") = "JsonSerializerTests", "JsonSerializer\JsonSerializerTests.csproj", "{58C2B424-5899-46D5-ACD4-24511FECC925}"
EndProject
Project("{9A19103F-16F7-4668-BE54-9A1E7A4F7556}") = "JsonDeserializerTests", "JsonDeserializerTests\JsonDeserializerTests.csproj", "{9C7BA75C-8B3A-4FCC-A860-BDEC8A5A4632}"
EndProject
Project("{9A19103F-16F7-4668-BE54-9A1E7A4F7556}") = "WeatherAPI", "WeatherAPI\WeatherAPI.csproj", "{B4800054-2859-4B07-A1E3-8A1BBCCF65C6}"
EndProject
Project("{9A19103F-16F7-4668-BE54-9A1E7A4F7556}") = "GameDataParser", "GameDataParser\GameDataParser.csproj", "{08EB4E91-9996-4CD0-8A28-F6BE1F9ED818}"
EndProject
Project("{9A19103F-16F7-4668-BE54-9A1E7A4F7556}") = "GameDataParserModelAnswer", "GameDataParserModelAnswer\GameDataParserModelAnswer.csproj", "{69C2327B-4E13-43F2-BB66-D77D53DF58F2}"
EndProject
Project("{9A19103F-16F7-4668-BE54-9A1E7A4F7556}") = "GenericsTest", "GenericsTest\GenericsTest.csproj", "{92B028E0-E1AD-41FF-B6EB-9415DA62211F}"
EndProject
Project("{9A19103F-16F7-4668-BE54-9A1E7A4F7556}") = "DesignPatterns", "DesignPatterns\DesignPatterns.csproj", "{CF032C47-5AA1-423F-A71E-2BC063BFA028}"
EndProject
Project("{9A19103F-16F7-4668-BE54-9A1E7A4F7556}") = "SOLID_Demo", "SOLID_Demo\SOLID_Demo.csproj", "{B1A4C44C-D706-4F7A-8485-96763F2BAF98}"
EndProject
Project("{9A19103F-16F7-4668-BE54-9A1E7A4F7556}") = "UnitTestLogic", "UnitTestLogic\UnitTestLogic.csproj", "{3FD5BB02-EB31-4D23-9981-0F6F9A2C8248}"
EndProject
Project("{9A19103F-16F7-4668-BE54-9A1E7A4F7556}") = "UnitTestLogic.UnitTests", "UnitTestLogic.UnitTests\UnitTestLogic.UnitTests.csproj", "{A597B941-CEA6-4AA3-AB92-D466199AE395}"
EndProject
Project("{9A19103F-16F7-4668-BE54-9A1E7A4F7556}") = "LINQ", "LINQ\LINQ.csproj", "{2E8EA117-45EC-4CAC-B5DF-A39ECE92152D}"
EndProject
Project("{9A19103F-16F7-4668-BE54-9A1E7A4F7556}") = "Strings", "Strings\Strings.csproj", "{38FF086D-89D2-4DB5-8744-A066F8AF65B4}"
EndProject
Project("{FAE04EC0-301F-11D3-BF4B-00C04F79EFBC}") = "Multithreading", "Multithreading\Multithreading.csproj", "{8A9A771A-C09A-4EB4-9E47-6AC118E5652E}"
EndProject
Global
	GlobalSection(SolutionConfigurationPlatforms) = preSolution
		Debug|Any CPU = Debug|Any CPU
		Release|Any CPU = Release|Any CPU
	EndGlobalSection
	GlobalSection(ProjectConfigurationPlatforms) = postSolution
		{A851D110-3FB0-46BA-9375-6EBB012E01C9}.Debug|Any CPU.ActiveCfg = Debug|Any CPU
		{A851D110-3FB0-46BA-9375-6EBB012E01C9}.Debug|Any CPU.Build.0 = Debug|Any CPU
		{A851D110-3FB0-46BA-9375-6EBB012E01C9}.Release|Any CPU.ActiveCfg = Release|Any CPU
		{A851D110-3FB0-46BA-9375-6EBB012E01C9}.Release|Any CPU.Build.0 = Release|Any CPU
		{959F578B-1835-4461-AB84-37D3EC65578A}.Debug|Any CPU.ActiveCfg = Debug|Any CPU
		{959F578B-1835-4461-AB84-37D3EC65578A}.Debug|Any CPU.Build.0 = Debug|Any CPU
		{959F578B-1835-4461-AB84-37D3EC65578A}.Release|Any CPU.ActiveCfg = Release|Any CPU
		{959F578B-1835-4461-AB84-37D3EC65578A}.Release|Any CPU.Build.0 = Release|Any CPU
		{FFC9D4C4-D662-4BCA-B3B4-38C8DA8C4C0E}.Debug|Any CPU.ActiveCfg = Debug|Any CPU
		{FFC9D4C4-D662-4BCA-B3B4-38C8DA8C4C0E}.Debug|Any CPU.Build.0 = Debug|Any CPU
		{FFC9D4C4-D662-4BCA-B3B4-38C8DA8C4C0E}.Release|Any CPU.ActiveCfg = Release|Any CPU
		{FFC9D4C4-D662-4BCA-B3B4-38C8DA8C4C0E}.Release|Any CPU.Build.0 = Release|Any CPU
		{E32C4201-5964-4568-B266-54E7B22580AF}.Debug|Any CPU.ActiveCfg = Debug|Any CPU
		{E32C4201-5964-4568-B266-54E7B22580AF}.Debug|Any CPU.Build.0 = Debug|Any CPU
		{E32C4201-5964-4568-B266-54E7B22580AF}.Release|Any CPU.ActiveCfg = Release|Any CPU
		{E32C4201-5964-4568-B266-54E7B22580AF}.Release|Any CPU.Build.0 = Release|Any CPU
		{E1254D7E-BE15-479A-8AE6-93FFA9ACFAF6}.Debug|Any CPU.ActiveCfg = Debug|Any CPU
		{E1254D7E-BE15-479A-8AE6-93FFA9ACFAF6}.Debug|Any CPU.Build.0 = Debug|Any CPU
		{E1254D7E-BE15-479A-8AE6-93FFA9ACFAF6}.Release|Any CPU.ActiveCfg = Release|Any CPU
		{E1254D7E-BE15-479A-8AE6-93FFA9ACFAF6}.Release|Any CPU.Build.0 = Release|Any CPU
		{A557969F-0B97-422C-B438-1A50955CE7F0}.Debug|Any CPU.ActiveCfg = Debug|Any CPU
		{A557969F-0B97-422C-B438-1A50955CE7F0}.Debug|Any CPU.Build.0 = Debug|Any CPU
		{A557969F-0B97-422C-B438-1A50955CE7F0}.Release|Any CPU.ActiveCfg = Release|Any CPU
		{A557969F-0B97-422C-B438-1A50955CE7F0}.Release|Any CPU.Build.0 = Release|Any CPU
		{58C2B424-5899-46D5-ACD4-24511FECC925}.Debug|Any CPU.ActiveCfg = Debug|Any CPU
		{58C2B424-5899-46D5-ACD4-24511FECC925}.Debug|Any CPU.Build.0 = Debug|Any CPU
		{58C2B424-5899-46D5-ACD4-24511FECC925}.Release|Any CPU.ActiveCfg = Release|Any CPU
		{58C2B424-5899-46D5-ACD4-24511FECC925}.Release|Any CPU.Build.0 = Release|Any CPU
		{9C7BA75C-8B3A-4FCC-A860-BDEC8A5A4632}.Debug|Any CPU.ActiveCfg = Debug|Any CPU
		{9C7BA75C-8B3A-4FCC-A860-BDEC8A5A4632}.Debug|Any CPU.Build.0 = Debug|Any CPU
		{9C7BA75C-8B3A-4FCC-A860-BDEC8A5A4632}.Release|Any CPU.ActiveCfg = Release|Any CPU
		{9C7BA75C-8B3A-4FCC-A860-BDEC8A5A4632}.Release|Any CPU.Build.0 = Release|Any CPU
		{B4800054-2859-4B07-A1E3-8A1BBCCF65C6}.Debug|Any CPU.ActiveCfg = Debug|Any CPU
		{B4800054-2859-4B07-A1E3-8A1BBCCF65C6}.Debug|Any CPU.Build.0 = Debug|Any CPU
		{B4800054-2859-4B07-A1E3-8A1BBCCF65C6}.Release|Any CPU.ActiveCfg = Release|Any CPU
		{B4800054-2859-4B07-A1E3-8A1BBCCF65C6}.Release|Any CPU.Build.0 = Release|Any CPU
		{08EB4E91-9996-4CD0-8A28-F6BE1F9ED818}.Debug|Any CPU.ActiveCfg = Debug|Any CPU
		{08EB4E91-9996-4CD0-8A28-F6BE1F9ED818}.Debug|Any CPU.Build.0 = Debug|Any CPU
		{08EB4E91-9996-4CD0-8A28-F6BE1F9ED818}.Release|Any CPU.ActiveCfg = Release|Any CPU
		{08EB4E91-9996-4CD0-8A28-F6BE1F9ED818}.Release|Any CPU.Build.0 = Release|Any CPU
		{69C2327B-4E13-43F2-BB66-D77D53DF58F2}.Debug|Any CPU.ActiveCfg = Debug|Any CPU
		{69C2327B-4E13-43F2-BB66-D77D53DF58F2}.Debug|Any CPU.Build.0 = Debug|Any CPU
		{69C2327B-4E13-43F2-BB66-D77D53DF58F2}.Release|Any CPU.ActiveCfg = Release|Any CPU
		{69C2327B-4E13-43F2-BB66-D77D53DF58F2}.Release|Any CPU.Build.0 = Release|Any CPU
		{92B028E0-E1AD-41FF-B6EB-9415DA62211F}.Debug|Any CPU.ActiveCfg = Debug|Any CPU
		{92B028E0-E1AD-41FF-B6EB-9415DA62211F}.Debug|Any CPU.Build.0 = Debug|Any CPU
		{92B028E0-E1AD-41FF-B6EB-9415DA62211F}.Release|Any CPU.ActiveCfg = Release|Any CPU
		{92B028E0-E1AD-41FF-B6EB-9415DA62211F}.Release|Any CPU.Build.0 = Release|Any CPU
		{CF032C47-5AA1-423F-A71E-2BC063BFA028}.Debug|Any CPU.ActiveCfg = Debug|Any CPU
		{CF032C47-5AA1-423F-A71E-2BC063BFA028}.Debug|Any CPU.Build.0 = Debug|Any CPU
		{CF032C47-5AA1-423F-A71E-2BC063BFA028}.Release|Any CPU.ActiveCfg = Release|Any CPU
		{CF032C47-5AA1-423F-A71E-2BC063BFA028}.Release|Any CPU.Build.0 = Release|Any CPU
		{B1A4C44C-D706-4F7A-8485-96763F2BAF98}.Debug|Any CPU.ActiveCfg = Debug|Any CPU
		{B1A4C44C-D706-4F7A-8485-96763F2BAF98}.Debug|Any CPU.Build.0 = Debug|Any CPU
		{B1A4C44C-D706-4F7A-8485-96763F2BAF98}.Release|Any CPU.ActiveCfg = Release|Any CPU
		{B1A4C44C-D706-4F7A-8485-96763F2BAF98}.Release|Any CPU.Build.0 = Release|Any CPU
		{3FD5BB02-EB31-4D23-9981-0F6F9A2C8248}.Debug|Any CPU.ActiveCfg = Debug|Any CPU
		{3FD5BB02-EB31-4D23-9981-0F6F9A2C8248}.Debug|Any CPU.Build.0 = Debug|Any CPU
		{3FD5BB02-EB31-4D23-9981-0F6F9A2C8248}.Release|Any CPU.ActiveCfg = Release|Any CPU
		{3FD5BB02-EB31-4D23-9981-0F6F9A2C8248}.Release|Any CPU.Build.0 = Release|Any CPU
		{A597B941-CEA6-4AA3-AB92-D466199AE395}.Debug|Any CPU.ActiveCfg = Debug|Any CPU
		{A597B941-CEA6-4AA3-AB92-D466199AE395}.Debug|Any CPU.Build.0 = Debug|Any CPU
		{A597B941-CEA6-4AA3-AB92-D466199AE395}.Release|Any CPU.ActiveCfg = Release|Any CPU
		{A597B941-CEA6-4AA3-AB92-D466199AE395}.Release|Any CPU.Build.0 = Release|Any CPU
		{2E8EA117-45EC-4CAC-B5DF-A39ECE92152D}.Debug|Any CPU.ActiveCfg = Debug|Any CPU
		{2E8EA117-45EC-4CAC-B5DF-A39ECE92152D}.Debug|Any CPU.Build.0 = Debug|Any CPU
		{2E8EA117-45EC-4CAC-B5DF-A39ECE92152D}.Release|Any CPU.ActiveCfg = Release|Any CPU
		{2E8EA117-45EC-4CAC-B5DF-A39ECE92152D}.Release|Any CPU.Build.0 = Release|Any CPU
		{38FF086D-89D2-4DB5-8744-A066F8AF65B4}.Debug|Any CPU.ActiveCfg = Debug|Any CPU
		{38FF086D-89D2-4DB5-8744-A066F8AF65B4}.Debug|Any CPU.Build.0 = Debug|Any CPU
		{38FF086D-89D2-4DB5-8744-A066F8AF65B4}.Release|Any CPU.ActiveCfg = Release|Any CPU
		{38FF086D-89D2-4DB5-8744-A066F8AF65B4}.Release|Any CPU.Build.0 = Release|Any CPU
		{8A9A771A-C09A-4EB4-9E47-6AC118E5652E}.Debug|Any CPU.ActiveCfg = Debug|Any CPU
		{8A9A771A-C09A-4EB4-9E47-6AC118E5652E}.Debug|Any CPU.Build.0 = Debug|Any CPU
		{8A9A771A-C09A-4EB4-9E47-6AC118E5652E}.Release|Any CPU.ActiveCfg = Release|Any CPU
		{8A9A771A-C09A-4EB4-9E47-6AC118E5652E}.Release|Any CPU.Build.0 = Release|Any CPU
	EndGlobalSection
	GlobalSection(SolutionProperties) = preSolution
		HideSolutionNode = FALSE
	EndGlobalSection
	GlobalSection(ExtensibilityGlobals) = postSolution
		SolutionGuid = {45DE1637-EE55-42CC-8BE8-BA0FFB5034D1}
	EndGlobalSection
EndGlobal
