
Microsoft Visual Studio Solution File, Format Version 12.00
# Visual Studio Version 17
VisualStudioVersion = 17.6.33801.468
MinimumVisualStudioVersion = 10.0.40219.1
Project("{9A19103F-16F7-4668-BE54-9A1E7A4F7556}") = "ToDoList", "ToDoList\ToDoList.csproj", "{A851D110-3FB0-46BA-9375-6EBB012E01C9}"
EndProject
Project("{9A19103F-16F7-4668-BE54-9A1E7A4F7556}") = "SimpleCalculator", "SimpleCalculator\SimpleCalculator.csproj", "{959F578B-1835-4461-AB84-37D3EC65578A}"
EndProject
Project("{9A19103F-16F7-4668-BE54-9A1E7A4F7556}") = "OtherTests", "OtherTests\OtherTests.csproj", "{FFC9D4C4-D662-4BCA-B3B4-38C8DA8C4C0E}"
EndProject
Project("{9A19103F-16F7-4668-BE54-9A1E7A4F7556}") = "DiceRollGame", "DiceRollGame\DiceRollGame.csproj", "{E32C4201-5964-4568-B266-54E7B22580AF}"
EndProject
Project("{9A19103F-16F7-4668-BE54-9A1E7A4F7556}") = "CookieCookbook", "CookieCookbook\CookieCookbook.csproj", "{E1254D7E-BE15-479A-8AE6-93FFA9ACFAF6}"
EndProject
Project("{9A19103F-16F7-4668-BE54-9A1E7A4F7556}") = "CookieCookbookModelAnswer", "CookieCookbookModelAnswer\CookieCookbookModelAnswer.csproj", "{A557969F-0B97-422C-B438-1A50955CE7F0}"
EndProject
Project("{FAE04EC0-301F-11D3-BF4B-00C04F79EFBC}") = "JsonSerializerTests", "JsonSerializer\JsonSerializerTests.csproj", "{58C2B424-5899-46D5-ACD4-24511FECC925}"
EndProject
Project("{FAE04EC0-301F-11D3-BF4B-00C04F79EFBC}") = "JsonDeserializerTests", "JsonDeserializerTests\JsonDeserializerTests.csproj", "{9C7BA75C-8B3A-4FCC-A860-BDEC8A5A4632}"
EndProject
Global
	GlobalSection(SolutionConfigurationPlatforms) = preSolution
		Debug|Any CPU = Debug|Any CPU
		Release|Any CPU = Release|Any CPU
	EndGlobalSection
	GlobalSection(ProjectConfigurationPlatforms) = postSolution
		{A851D110-3FB0-46BA-9375-6EBB012E01C9}.Debug|Any CPU.ActiveCfg = Debug|Any CPU
		{A851D110-3FB0-46BA-9375-6EBB012E01C9}.Debug|Any CPU.Build.0 = Debug|Any CPU
		{A851D110-3FB0-46BA-9375-6EBB012E01C9}.Release|Any CPU.ActiveCfg = Release|Any CPU
		{A851D110-3FB0-46BA-9375-6EBB012E01C9}.Release|Any CPU.Build.0 = Release|Any CPU
		{959F578B-1835-4461-AB84-37D3EC65578A}.Debug|Any CPU.ActiveCfg = Debug|Any CPU
		{959F578B-1835-4461-AB84-37D3EC65578A}.Debug|Any CPU.Build.0 = Debug|Any CPU
		{959F578B-1835-4461-AB84-37D3EC65578A}.Release|Any CPU.ActiveCfg = Release|Any CPU
		{959F578B-1835-4461-AB84-37D3EC65578A}.Release|Any CPU.Build.0 = Release|Any CPU
		{FFC9D4C4-D662-4BCA-B3B4-38C8DA8C4C0E}.Debug|Any CPU.ActiveCfg = Debug|Any CPU
		{FFC9D4C4-D662-4BCA-B3B4-38C8DA8C4C0E}.Debug|Any CPU.Build.0 = Debug|Any CPU
		{FFC9D4C4-D662-4BCA-B3B4-38C8DA8C4C0E}.Release|Any CPU.ActiveCfg = Release|Any CPU
		{FFC9D4C4-D662-4BCA-B3B4-38C8DA8C4C0E}.Release|Any CPU.Build.0 = Release|Any CPU
		{E32C4201-5964-4568-B266-54E7B22580AF}.Debug|Any CPU.ActiveCfg = Debug|Any CPU
		{E32C4201-5964-4568-B266-54E7B22580AF}.Debug|Any CPU.Build.0 = Debug|Any CPU
		{E32C4201-5964-4568-B266-54E7B22580AF}.Release|Any CPU.ActiveCfg = Release|Any CPU
		{E32C4201-5964-4568-B266-54E7B22580AF}.Release|Any CPU.Build.0 = Release|Any CPU
		{E1254D7E-BE15-479A-8AE6-93FFA9ACFAF6}.Debug|Any CPU.ActiveCfg = Debug|Any CPU
		{E1254D7E-BE15-479A-8AE6-93FFA9ACFAF6}.Debug|Any CPU.Build.0 = Debug|Any CPU
		{E1254D7E-BE15-479A-8AE6-93FFA9ACFAF6}.Release|Any CPU.ActiveCfg = Release|Any CPU
		{E1254D7E-BE15-479A-8AE6-93FFA9ACFAF6}.Release|Any CPU.Build.0 = Release|Any CPU
		{A557969F-0B97-422C-B438-1A50955CE7F0}.Debug|Any CPU.ActiveCfg = Debug|Any CPU
		{A557969F-0B97-422C-B438-1A50955CE7F0}.Debug|Any CPU.Build.0 = Debug|Any CPU
		{A557969F-0B97-422C-B438-1A50955CE7F0}.Release|Any CPU.ActiveCfg = Release|Any CPU
		{A557969F-0B97-422C-B438-1A50955CE7F0}.Release|Any CPU.Build.0 = Release|Any CPU
		{58C2B424-5899-46D5-ACD4-24511FECC925}.Debug|Any CPU.ActiveCfg = Debug|Any CPU
		{58C2B424-5899-46D5-ACD4-24511FECC925}.Debug|Any CPU.Build.0 = Debug|Any CPU
		{58C2B424-5899-46D5-ACD4-24511FECC925}.Release|Any CPU.ActiveCfg = Release|Any CPU
		{58C2B424-5899-46D5-ACD4-24511FECC925}.Release|Any CPU.Build.0 = Release|Any CPU
		{9C7BA75C-8B3A-4FCC-A860-BDEC8A5A4632}.Debug|Any CPU.ActiveCfg = Debug|Any CPU
		{9C7BA75C-8B3A-4FCC-A860-BDEC8A5A4632}.Debug|Any CPU.Build.0 = Debug|Any CPU
		{9C7BA75C-8B3A-4FCC-A860-BDEC8A5A4632}.Release|Any CPU.ActiveCfg = Release|Any CPU
		{9C7BA75C-8B3A-4FCC-A860-BDEC8A5A4632}.Release|Any CPU.Build.0 = Release|Any CPU
	EndGlobalSection
	GlobalSection(SolutionProperties) = preSolution
		HideSolutionNode = FALSE
	EndGlobalSection
	GlobalSection(ExtensibilityGlobals) = postSolution
		SolutionGuid = {45DE1637-EE55-42CC-8BE8-BA0FFB5034D1}
	EndGlobalSection
EndGlobal
